// !$*UTF8*$!
{
	archiveVersion = 1;
	classes = {
	};
	objectVersion = 50;
	objects = {

/* Begin PBXBuildFile section */
		1AA68C8F210B3ED300A3E399 /* AppDelegate.swift in Sources */ = {isa = PBXBuildFile; fileRef = 1AA68C8E210B3ED300A3E399 /* AppDelegate.swift */; };
		1AA68C91210B3ED300A3E399 /* Assets.xcassets in Resources */ = {isa = PBXBuildFile; fileRef = 1AA68C90210B3ED300A3E399 /* Assets.xcassets */; };
		1AA68C94210B3ED300A3E399 /* MainMenu.xib in Resources */ = {isa = PBXBuildFile; fileRef = 1AA68C92210B3ED300A3E399 /* MainMenu.xib */; };
		1AA68C9D210B43B800A3E399 /* StatusMenuController.swift in Sources */ = {isa = PBXBuildFile; fileRef = 1AA68C9C210B43B800A3E399 /* StatusMenuController.swift */; };
		1AA68C9F210B453400A3E399 /* BookmarksAPI.swift in Sources */ = {isa = PBXBuildFile; fileRef = 1AA68C9E210B453400A3E399 /* BookmarksAPI.swift */; };
		1AA68CA2210C5F4400A3E399 /* PreferencesWindow.swift in Sources */ = {isa = PBXBuildFile; fileRef = 1AA68CA0210C5F4400A3E399 /* PreferencesWindow.swift */; };
		1AA68CA3210C5F4400A3E399 /* PreferencesWindow.xib in Resources */ = {isa = PBXBuildFile; fileRef = 1AA68CA1210C5F4400A3E399 /* PreferencesWindow.xib */; };
/* End PBXBuildFile section */

/* Begin PBXFileReference section */
		1AA68C8B210B3ED300A3E399 /* Nextcloud Bookmarks.app */ = {isa = PBXFileReference; explicitFileType = wrapper.application; includeInIndex = 0; path = "Nextcloud Bookmarks.app"; sourceTree = BUILT_PRODUCTS_DIR; };
		1AA68C8E210B3ED300A3E399 /* AppDelegate.swift */ = {isa = PBXFileReference; lastKnownFileType = sourcecode.swift; path = AppDelegate.swift; sourceTree = "<group>"; };
		1AA68C90210B3ED300A3E399 /* Assets.xcassets */ = {isa = PBXFileReference; lastKnownFileType = folder.assetcatalog; path = Assets.xcassets; sourceTree = "<group>"; };
		1AA68C93210B3ED300A3E399 /* Base */ = {isa = PBXFileReference; lastKnownFileType = file.xib; name = Base; path = Base.lproj/MainMenu.xib; sourceTree = "<group>"; };
		1AA68C95210B3ED300A3E399 /* Info.plist */ = {isa = PBXFileReference; lastKnownFileType = text.plist.xml; path = Info.plist; sourceTree = "<group>"; };
		1AA68C96210B3ED300A3E399 /* Nextcloud_Bookmarks.entitlements */ = {isa = PBXFileReference; lastKnownFileType = text.plist.entitlements; path = Nextcloud_Bookmarks.entitlements; sourceTree = "<group>"; };
		1AA68C9C210B43B800A3E399 /* StatusMenuController.swift */ = {isa = PBXFileReference; lastKnownFileType = sourcecode.swift; path = StatusMenuController.swift; sourceTree = "<group>"; };
		1AA68C9E210B453400A3E399 /* BookmarksAPI.swift */ = {isa = PBXFileReference; lastKnownFileType = sourcecode.swift; path = BookmarksAPI.swift; sourceTree = "<group>"; };
		1AA68CA0210C5F4400A3E399 /* PreferencesWindow.swift */ = {isa = PBXFileReference; lastKnownFileType = sourcecode.swift; path = PreferencesWindow.swift; sourceTree = "<group>"; };
		1AA68CA1210C5F4400A3E399 /* PreferencesWindow.xib */ = {isa = PBXFileReference; lastKnownFileType = file.xib; path = PreferencesWindow.xib; sourceTree = "<group>"; };
/* End PBXFileReference section */

/* Begin PBXFrameworksBuildPhase section */
		1AA68C88210B3ED300A3E399 /* Frameworks */ = {
			isa = PBXFrameworksBuildPhase;
			buildActionMask = 2147483647;
			files = (
			);
			runOnlyForDeploymentPostprocessing = 0;
		};
/* End PBXFrameworksBuildPhase section */

/* Begin PBXGroup section */
		1AA68C82210B3ED300A3E399 = {
			isa = PBXGroup;
			children = (
				1AA68C8D210B3ED300A3E399 /* Nextcloud Bookmarks */,
				1AA68C8C210B3ED300A3E399 /* Products */,
			);
			sourceTree = "<group>";
		};
		1AA68C8C210B3ED300A3E399 /* Products */ = {
			isa = PBXGroup;
			children = (
				1AA68C8B210B3ED300A3E399 /* Nextcloud Bookmarks.app */,
			);
			name = Products;
			sourceTree = "<group>";
		};
		1AA68C8D210B3ED300A3E399 /* Nextcloud Bookmarks */ = {
			isa = PBXGroup;
			children = (
				1AA68C8E210B3ED300A3E399 /* AppDelegate.swift */,
				1AA68C90210B3ED300A3E399 /* Assets.xcassets */,
				1AA68C9C210B43B800A3E399 /* StatusMenuController.swift */,
				1AA68C92210B3ED300A3E399 /* MainMenu.xib */,
				1AA68CA0210C5F4400A3E399 /* PreferencesWindow.swift */,
				1AA68CA1210C5F4400A3E399 /* PreferencesWindow.xib */,
				1AA68C9E210B453400A3E399 /* BookmarksAPI.swift */,
				1AA68C95210B3ED300A3E399 /* Info.plist */,
				1AA68C96210B3ED300A3E399 /* Nextcloud_Bookmarks.entitlements */,
			);
			path = "Nextcloud Bookmarks";
			sourceTree = "<group>";
		};
/* End PBXGroup section */

/* Begin PBXNativeTarget section */
		1AA68C8A210B3ED300A3E399 /* Nextcloud Bookmarks */ = {
			isa = PBXNativeTarget;
			buildConfigurationList = 1AA68C99210B3ED300A3E399 /* Build configuration list for PBXNativeTarget "Nextcloud Bookmarks" */;
			buildPhases = (
				1AA68C87210B3ED300A3E399 /* Sources */,
				1AA68C88210B3ED300A3E399 /* Frameworks */,
				1AA68C89210B3ED300A3E399 /* Resources */,
			);
			buildRules = (
			);
			dependencies = (
			);
			name = "Nextcloud Bookmarks";
			productName = "Nextcloud Bookmarks";
			productReference = 1AA68C8B210B3ED300A3E399 /* Nextcloud Bookmarks.app */;
			productType = "com.apple.product-type.application";
		};
/* End PBXNativeTarget section */

/* Begin PBXProject section */
		1AA68C83210B3ED300A3E399 /* Project object */ = {
			isa = PBXProject;
			attributes = {
				LastSwiftUpdateCheck = 0940;
				LastUpgradeCheck = 0940;
				ORGANIZATIONNAME = "Richard Klose";
				TargetAttributes = {
					1AA68C8A210B3ED300A3E399 = {
						CreatedOnToolsVersion = 9.4.1;
					};
				};
			};
			buildConfigurationList = 1AA68C86210B3ED300A3E399 /* Build configuration list for PBXProject "Nextcloud Bookmarks" */;
			compatibilityVersion = "Xcode 9.3";
			developmentRegion = en;
			hasScannedForEncodings = 0;
			knownRegions = (
				en,
				Base,
			);
			mainGroup = 1AA68C82210B3ED300A3E399;
			productRefGroup = 1AA68C8C210B3ED300A3E399 /* Products */;
			projectDirPath = "";
			projectRoot = "";
			targets = (
				1AA68C8A210B3ED300A3E399 /* Nextcloud Bookmarks */,
			);
		};
/* End PBXProject section */

/* Begin PBXResourcesBuildPhase section */
		1AA68C89210B3ED300A3E399 /* Resources */ = {
			isa = PBXResourcesBuildPhase;
			buildActionMask = 2147483647;
			files = (
				1AA68C91210B3ED300A3E399 /* Assets.xcassets in Resources */,
				1AA68CA3210C5F4400A3E399 /* PreferencesWindow.xib in Resources */,
				1AA68C94210B3ED300A3E399 /* MainMenu.xib in Resources */,
			);
			runOnlyForDeploymentPostprocessing = 0;
		};
/* End PBXResourcesBuildPhase section */

/* Begin PBXSourcesBuildPhase section */
		1AA68C87210B3ED300A3E399 /* Sources */ = {
			isa = PBXSourcesBuildPhase;
			buildActionMask = 2147483647;
			files = (
				1AA68C9D210B43B800A3E399 /* StatusMenuController.swift in Sources */,
				1AA68C8F210B3ED300A3E399 /* AppDelegate.swift in Sources */,
				1AA68CA2210C5F4400A3E399 /* PreferencesWindow.swift in Sources */,
				1AA68C9F210B453400A3E399 /* BookmarksAPI.swift in Sources */,
			);
			runOnlyForDeploymentPostprocessing = 0;
		};
/* End PBXSourcesBuildPhase section */

/* Begin PBXVariantGroup section */
		1AA68C92210B3ED300A3E399 /* MainMenu.xib */ = {
			isa = PBXVariantGroup;
			children = (
				1AA68C93210B3ED300A3E399 /* Base */,
			);
			name = MainMenu.xib;
			sourceTree = "<group>";
		};
/* End PBXVariantGroup section */

/* Begin XCBuildConfiguration section */
		1AA68C97210B3ED300A3E399 /* Debug */ = {
			isa = XCBuildConfiguration;
			buildSettings = {
				ALWAYS_SEARCH_USER_PATHS = NO;
				CLANG_ANALYZER_NONNULL = YES;
				CLANG_ANALYZER_NUMBER_OBJECT_CONVERSION = YES_AGGRESSIVE;
				CLANG_CXX_LANGUAGE_STANDARD = "gnu++14";
				CLANG_CXX_LIBRARY = "libc++";
				CLANG_ENABLE_MODULES = YES;
				CLANG_ENABLE_OBJC_ARC = YES;
				CLANG_ENABLE_OBJC_WEAK = YES;
				CLANG_WARN_BLOCK_CAPTURE_AUTORELEASING = YES;
				CLANG_WARN_BOOL_CONVERSION = YES;
				CLANG_WARN_COMMA = YES;
				CLANG_WARN_CONSTANT_CONVERSION = YES;
				CLANG_WARN_DEPRECATED_OBJC_IMPLEMENTATIONS = YES;
				CLANG_WARN_DIRECT_OBJC_ISA_USAGE = YES_ERROR;
				CLANG_WARN_DOCUMENTATION_COMMENTS = YES;
				CLANG_WARN_EMPTY_BODY = YES;
				CLANG_WARN_ENUM_CONVERSION = YES;
				CLANG_WARN_INFINITE_RECURSION = YES;
				CLANG_WARN_INT_CONVERSION = YES;
				CLANG_WARN_NON_LITERAL_NULL_CONVERSION = YES;
				CLANG_WARN_OBJC_IMPLICIT_RETAIN_SELF = YES;
				CLANG_WARN_OBJC_LITERAL_CONVERSION = YES;
				CLANG_WARN_OBJC_ROOT_CLASS = YES_ERROR;
				CLANG_WARN_RANGE_LOOP_ANALYSIS = YES;
				CLANG_WARN_STRICT_PROTOTYPES = YES;
				CLANG_WARN_SUSPICIOUS_MOVE = YES;
				CLANG_WARN_UNGUARDED_AVAILABILITY = YES_AGGRESSIVE;
				CLANG_WARN_UNREACHABLE_CODE = YES;
				CLANG_WARN__DUPLICATE_METHOD_MATCH = YES;
				CODE_SIGN_IDENTITY = "-";
				COPY_PHASE_STRIP = NO;
				DEBUG_INFORMATION_FORMAT = dwarf;
				ENABLE_STRICT_OBJC_MSGSEND = YES;
				ENABLE_TESTABILITY = YES;
				GCC_C_LANGUAGE_STANDARD = gnu11;
				GCC_DYNAMIC_NO_PIC = NO;
				GCC_NO_COMMON_BLOCKS = YES;
				GCC_OPTIMIZATION_LEVEL = 0;
				GCC_PREPROCESSOR_DEFINITIONS = (
					"DEBUG=1",
					"$(inherited)",
				);
				GCC_WARN_64_TO_32_BIT_CONVERSION = YES;
				GCC_WARN_ABOUT_RETURN_TYPE = YES_ERROR;
				GCC_WARN_UNDECLARED_SELECTOR = YES;
				GCC_WARN_UNINITIALIZED_AUTOS = YES_AGGRESSIVE;
				GCC_WARN_UNUSED_FUNCTION = YES;
				GCC_WARN_UNUSED_VARIABLE = YES;
				MACOSX_DEPLOYMENT_TARGET = 10.13;
				MTL_ENABLE_DEBUG_INFO = YES;
				ONLY_ACTIVE_ARCH = YES;
				SDKROOT = macosx;
				SWIFT_ACTIVE_COMPILATION_CONDITIONS = DEBUG;
				SWIFT_OPTIMIZATION_LEVEL = "-Onone";
			};
			name = Debug;
		};
		1AA68C98210B3ED300A3E399 /* Release */ = {
			isa = XCBuildConfiguration;
			buildSettings = {
				ALWAYS_SEARCH_USER_PATHS = NO;
				CLANG_ANALYZER_NONNULL = YES;
				CLANG_ANALYZER_NUMBER_OBJECT_CONVERSION = YES_AGGRESSIVE;
				CLANG_CXX_LANGUAGE_STANDARD = "gnu++14";
				CLANG_CXX_LIBRARY = "libc++";
				CLANG_ENABLE_MODULES = YES;
				CLANG_ENABLE_OBJC_ARC = YES;
				CLANG_ENABLE_OBJC_WEAK = YES;
				CLANG_WARN_BLOCK_CAPTURE_AUTORELEASING = YES;
				CLANG_WARN_BOOL_CONVERSION = YES;
				CLANG_WARN_COMMA = YES;
				CLANG_WARN_CONSTANT_CONVERSION = YES;
				CLANG_WARN_DEPRECATED_OBJC_IMPLEMENTATIONS = YES;
				CLANG_WARN_DIRECT_OBJC_ISA_USAGE = YES_ERROR;
				CLANG_WARN_DOCUMENTATION_COMMENTS = YES;
				CLANG_WARN_EMPTY_BODY = YES;
				CLANG_WARN_ENUM_CONVERSION = YES;
				CLANG_WARN_INFINITE_RECURSION = YES;
				CLANG_WARN_INT_CONVERSION = YES;
				CLANG_WARN_NON_LITERAL_NULL_CONVERSION = YES;
				CLANG_WARN_OBJC_IMPLICIT_RETAIN_SELF = YES;
				CLANG_WARN_OBJC_LITERAL_CONVERSION = YES;
				CLANG_WARN_OBJC_ROOT_CLASS = YES_ERROR;
				CLANG_WARN_RANGE_LOOP_ANALYSIS = YES;
				CLANG_WARN_STRICT_PROTOTYPES = YES;
				CLANG_WARN_SUSPICIOUS_MOVE = YES;
				CLANG_WARN_UNGUARDED_AVAILABILITY = YES_AGGRESSIVE;
				CLANG_WARN_UNREACHABLE_CODE = YES;
				CLANG_WARN__DUPLICATE_METHOD_MATCH = YES;
				CODE_SIGN_IDENTITY = "-";
				COPY_PHASE_STRIP = NO;
				DEBUG_INFORMATION_FORMAT = "dwarf-with-dsym";
				ENABLE_NS_ASSERTIONS = NO;
				ENABLE_STRICT_OBJC_MSGSEND = YES;
				GCC_C_LANGUAGE_STANDARD = gnu11;
				GCC_NO_COMMON_BLOCKS = YES;
				GCC_WARN_64_TO_32_BIT_CONVERSION = YES;
				GCC_WARN_ABOUT_RETURN_TYPE = YES_ERROR;
				GCC_WARN_UNDECLARED_SELECTOR = YES;
				GCC_WARN_UNINITIALIZED_AUTOS = YES_AGGRESSIVE;
				GCC_WARN_UNUSED_FUNCTION = YES;
				GCC_WARN_UNUSED_VARIABLE = YES;
				MACOSX_DEPLOYMENT_TARGET = 10.13;
				MTL_ENABLE_DEBUG_INFO = NO;
				SDKROOT = macosx;
				SWIFT_COMPILATION_MODE = wholemodule;
				SWIFT_OPTIMIZATION_LEVEL = "-O";
			};
			name = Release;
		};
		1AA68C9A210B3ED300A3E399 /* Debug */ = {
			isa = XCBuildConfiguration;
			buildSettings = {
				ASSETCATALOG_COMPILER_APPICON_NAME = AppIcon;
				CODE_SIGN_STYLE = Automatic;
				COMBINE_HIDPI_IMAGES = YES;
				INFOPLIST_FILE = "Nextcloud Bookmarks/Info.plist";
				LD_RUNPATH_SEARCH_PATHS = (
					"$(inherited)",
					"@executable_path/../Frameworks",
				);
				PRODUCT_BUNDLE_IDENTIFIER = "com.richardklose.Nextcloud-Bookmarks";
				PRODUCT_NAME = "$(TARGET_NAME)";
				SWIFT_VERSION = 4.0;
			};
			name = Debug;
		};
		1AA68C9B210B3ED300A3E399 /* Release */ = {
			isa = XCBuildConfiguration;
			buildSettings = {
				ASSETCATALOG_COMPILER_APPICON_NAME = AppIcon;
				CODE_SIGN_STYLE = Automatic;
				COMBINE_HIDPI_IMAGES = YES;
				INFOPLIST_FILE = "Nextcloud Bookmarks/Info.plist";
				LD_RUNPATH_SEARCH_PATHS = (
					"$(inherited)",
					"@executable_path/../Frameworks",
				);
				PRODUCT_BUNDLE_IDENTIFIER = "com.richardklose.Nextcloud-Bookmarks";
				PRODUCT_NAME = "$(TARGET_NAME)";
				SWIFT_VERSION = 4.0;
			};
			name = Release;
		};
/* End XCBuildConfiguration section */

/* Begin XCConfigurationList section */
		1AA68C86210B3ED300A3E399 /* Build configuration list for PBXProject "Nextcloud Bookmarks" */ = {
			isa = XCConfigurationList;
			buildConfigurations = (
				1AA68C97210B3ED300A3E399 /* Debug */,
				1AA68C98210B3ED300A3E399 /* Release */,
			);
			defaultConfigurationIsVisible = 0;
			defaultConfigurationName = Release;
		};
		1AA68C99210B3ED300A3E399 /* Build configuration list for PBXNativeTarget "Nextcloud Bookmarks" */ = {
			isa = XCConfigurationList;
			buildConfigurations = (
				1AA68C9A210B3ED300A3E399 /* Debug */,
				1AA68C9B210B3ED300A3E399 /* Release */,
			);
			defaultConfigurationIsVisible = 0;
			defaultConfigurationName = Release;
		};
/* End XCConfigurationList section */
	};
	rootObject = 1AA68C83210B3ED300A3E399 /* Project object */;
}
